
Microsoft Visual Studio Solution File, Format Version 12.00
# Visual Studio Version 17
VisualStudioVersion = 17.9.34616.47
MinimumVisualStudioVersion = 10.0.40219.1
Project("{9A19103F-16F7-4668-BE54-9A1E7A4F7556}") = "Fast-Food", "Fast-Food\Fast-Food.csproj", "{B778409B-CDDA-4811-B916-7C424F15542A}"
EndProject
Global
	GlobalSection(SolutionConfigurationPlatforms) = preSolution
		Debug|Any CPU = Debug|Any CPU
		Release|Any CPU = Release|Any CPU
	EndGlobalSection
	GlobalSection(ProjectConfigurationPlatforms) = postSolution
		{B778409B-CDDA-4811-B916-7C424F15542A}.Debug|Any CPU.ActiveCfg = Debug|Any CPU
		{B778409B-CDDA-4811-B916-7C424F15542A}.Debug|Any CPU.Build.0 = Debug|Any CPU
		{B778409B-CDDA-4811-B916-7C424F15542A}.Release|Any CPU.ActiveCfg = Release|Any CPU
		{B778409B-CDDA-4811-B916-7C424F15542A}.Release|Any CPU.Build.0 = Release|Any CPU
	EndGlobalSection
	GlobalSection(SolutionProperties) = preSolution
		HideSolutionNode = FALSE
	EndGlobalSection
	GlobalSection(ExtensibilityGlobals) = postSolution
		SolutionGuid = {3E0001A3-CCC9-4CE2-9447-63356D84F619}
	EndGlobalSection
EndGlobal
